// !$*UTF8*$!
{
	archiveVersion = 1;
	classes = {
	};
	objectVersion = 50;
	objects = {

/* Begin PBXBuildFile section */
		B15C63BD2B54E6DC00EDFB31 /* PaletteStore.swift in Sources */ = {isa = PBXBuildFile; fileRef = B15C63BC2B54E6DC00EDFB31 /* PaletteStore.swift */; };
		B1DB52202B50C36200B3B352 /* EmojiArtApp.swift in Sources */ = {isa = PBXBuildFile; fileRef = B1DB521F2B50C36200B3B352 /* EmojiArtApp.swift */; };
		B1DB52222B50C36200B3B352 /* EmojiArtDocumentView.swift in Sources */ = {isa = PBXBuildFile; fileRef = B1DB52212B50C36200B3B352 /* EmojiArtDocumentView.swift */; };
		B1DB52242B50C36400B3B352 /* Assets.xcassets in Resources */ = {isa = PBXBuildFile; fileRef = B1DB52232B50C36400B3B352 /* Assets.xcassets */; };
		B1DB52272B50C36400B3B352 /* Preview Assets.xcassets in Resources */ = {isa = PBXBuildFile; fileRef = B1DB52262B50C36400B3B352 /* Preview Assets.xcassets */; };
		B1DB522F2B50C3F400B3B352 /* EmojiArtModel.swift in Sources */ = {isa = PBXBuildFile; fileRef = B1DB522E2B50C3F400B3B352 /* EmojiArtModel.swift */; };
		B1DB52312B50C6D800B3B352 /* EmojiArtModel.Background.swift in Sources */ = {isa = PBXBuildFile; fileRef = B1DB52302B50C6D800B3B352 /* EmojiArtModel.Background.swift */; };
		B1DB52332B50C90E00B3B352 /* EmojiArtDocument.swift in Sources */ = {isa = PBXBuildFile; fileRef = B1DB52322B50C90E00B3B352 /* EmojiArtDocument.swift */; };
		B1DB52372B50CDE800B3B352 /* UtilityExtensions.swift in Sources */ = {isa = PBXBuildFile; fileRef = B1DB52362B50CDE800B3B352 /* UtilityExtensions.swift */; };
		B1DB52392B50D09B00B3B352 /* UtilityViews.swift in Sources */ = {isa = PBXBuildFile; fileRef = B1DB52382B50D09B00B3B352 /* UtilityViews.swift */; };
/* End PBXBuildFile section */

/* Begin PBXFileReference section */
		B15C63BC2B54E6DC00EDFB31 /* PaletteStore.swift */ = {isa = PBXFileReference; lastKnownFileType = sourcecode.swift; path = PaletteStore.swift; sourceTree = "<group>"; };
		B1DB521C2B50C36200B3B352 /* EmojiArt.app */ = {isa = PBXFileReference; explicitFileType = wrapper.application; includeInIndex = 0; path = EmojiArt.app; sourceTree = BUILT_PRODUCTS_DIR; };
		B1DB521F2B50C36200B3B352 /* EmojiArtApp.swift */ = {isa = PBXFileReference; lastKnownFileType = sourcecode.swift; path = EmojiArtApp.swift; sourceTree = "<group>"; };
		B1DB52212B50C36200B3B352 /* EmojiArtDocumentView.swift */ = {isa = PBXFileReference; lastKnownFileType = sourcecode.swift; path = EmojiArtDocumentView.swift; sourceTree = "<group>"; };
		B1DB52232B50C36400B3B352 /* Assets.xcassets */ = {isa = PBXFileReference; lastKnownFileType = folder.assetcatalog; path = Assets.xcassets; sourceTree = "<group>"; };
		B1DB52262B50C36400B3B352 /* Preview Assets.xcassets */ = {isa = PBXFileReference; lastKnownFileType = folder.assetcatalog; path = "Preview Assets.xcassets"; sourceTree = "<group>"; };
		B1DB52282B50C36400B3B352 /* Info.plist */ = {isa = PBXFileReference; lastKnownFileType = text.plist.xml; path = Info.plist; sourceTree = "<group>"; };
		B1DB522E2B50C3F400B3B352 /* EmojiArtModel.swift */ = {isa = PBXFileReference; lastKnownFileType = sourcecode.swift; path = EmojiArtModel.swift; sourceTree = "<group>"; };
		B1DB52302B50C6D800B3B352 /* EmojiArtModel.Background.swift */ = {isa = PBXFileReference; lastKnownFileType = sourcecode.swift; path = EmojiArtModel.Background.swift; sourceTree = "<group>"; };
		B1DB52322B50C90E00B3B352 /* EmojiArtDocument.swift */ = {isa = PBXFileReference; lastKnownFileType = sourcecode.swift; path = EmojiArtDocument.swift; sourceTree = "<group>"; };
		B1DB52362B50CDE800B3B352 /* UtilityExtensions.swift */ = {isa = PBXFileReference; lastKnownFileType = sourcecode.swift; path = UtilityExtensions.swift; sourceTree = "<group>"; };
		B1DB52382B50D09B00B3B352 /* UtilityViews.swift */ = {isa = PBXFileReference; lastKnownFileType = sourcecode.swift; path = UtilityViews.swift; sourceTree = "<group>"; };
/* End PBXFileReference section */

/* Begin PBXFrameworksBuildPhase section */
		B1DB52192B50C36200B3B352 /* Frameworks */ = {
			isa = PBXFrameworksBuildPhase;
			buildActionMask = 2147483647;
			files = (
			);
			runOnlyForDeploymentPostprocessing = 0;
		};
/* End PBXFrameworksBuildPhase section */

/* Begin PBXGroup section */
		B1DB52132B50C36200B3B352 = {
			isa = PBXGroup;
			children = (
				B1DB521E2B50C36200B3B352 /* EmojiArt */,
				B1DB521D2B50C36200B3B352 /* Products */,
			);
			sourceTree = "<group>";
		};
		B1DB521D2B50C36200B3B352 /* Products */ = {
			isa = PBXGroup;
			children = (
				B1DB521C2B50C36200B3B352 /* EmojiArt.app */,
			);
			name = Products;
			sourceTree = "<group>";
		};
		B1DB521E2B50C36200B3B352 /* EmojiArt */ = {
			isa = PBXGroup;
			children = (
				B1DB52212B50C36200B3B352 /* EmojiArtDocumentView.swift */,
				B1DB52322B50C90E00B3B352 /* EmojiArtDocument.swift */,
				B15C63BC2B54E6DC00EDFB31 /* PaletteStore.swift */,
				B1DB522E2B50C3F400B3B352 /* EmojiArtModel.swift */,
				B1DB52302B50C6D800B3B352 /* EmojiArtModel.Background.swift */,
				B1DB521F2B50C36200B3B352 /* EmojiArtApp.swift */,
				B1DB52362B50CDE800B3B352 /* UtilityExtensions.swift */,
				B1DB52382B50D09B00B3B352 /* UtilityViews.swift */,
				B1DB52232B50C36400B3B352 /* Assets.xcassets */,
				B1DB52282B50C36400B3B352 /* Info.plist */,
				B1DB52252B50C36400B3B352 /* Preview Content */,
			);
			path = EmojiArt;
			sourceTree = "<group>";
		};
		B1DB52252B50C36400B3B352 /* Preview Content */ = {
			isa = PBXGroup;
			children = (
				B1DB52262B50C36400B3B352 /* Preview Assets.xcassets */,
			);
			path = "Preview Content";
			sourceTree = "<group>";
		};
/* End PBXGroup section */

/* Begin PBXNativeTarget section */
		B1DB521B2B50C36200B3B352 /* EmojiArt */ = {
			isa = PBXNativeTarget;
			buildConfigurationList = B1DB522B2B50C36400B3B352 /* Build configuration list for PBXNativeTarget "EmojiArt" */;
			buildPhases = (
				B1DB52182B50C36200B3B352 /* Sources */,
				B1DB52192B50C36200B3B352 /* Frameworks */,
				B1DB521A2B50C36200B3B352 /* Resources */,
			);
			buildRules = (
			);
			dependencies = (
			);
			name = EmojiArt;
			productName = EmojiArt;
			productReference = B1DB521C2B50C36200B3B352 /* EmojiArt.app */;
			productType = "com.apple.product-type.application";
		};
/* End PBXNativeTarget section */

/* Begin PBXProject section */
		B1DB52142B50C36200B3B352 /* Project object */ = {
			isa = PBXProject;
			attributes = {
				LastSwiftUpdateCheck = 1250;
				LastUpgradeCheck = 1250;
				TargetAttributes = {
					B1DB521B2B50C36200B3B352 = {
						CreatedOnToolsVersion = 12.5;
					};
				};
			};
			buildConfigurationList = B1DB52172B50C36200B3B352 /* Build configuration list for PBXProject "EmojiArt" */;
			compatibilityVersion = "Xcode 9.3";
			developmentRegion = en;
			hasScannedForEncodings = 0;
			knownRegions = (
				en,
				Base,
			);
			mainGroup = B1DB52132B50C36200B3B352;
			productRefGroup = B1DB521D2B50C36200B3B352 /* Products */;
			projectDirPath = "";
			projectRoot = "";
			targets = (
				B1DB521B2B50C36200B3B352 /* EmojiArt */,
			);
		};
/* End PBXProject section */

/* Begin PBXResourcesBuildPhase section */
		B1DB521A2B50C36200B3B352 /* Resources */ = {
			isa = PBXResourcesBuildPhase;
			buildActionMask = 2147483647;
			files = (
				B1DB52272B50C36400B3B352 /* Preview Assets.xcassets in Resources */,
				B1DB52242B50C36400B3B352 /* Assets.xcassets in Resources */,
			);
			runOnlyForDeploymentPostprocessing = 0;
		};
/* End PBXResourcesBuildPhase section */

/* Begin PBXSourcesBuildPhase section */
		B1DB52182B50C36200B3B352 /* Sources */ = {
			isa = PBXSourcesBuildPhase;
			buildActionMask = 2147483647;
			files = (
				B1DB52392B50D09B00B3B352 /* UtilityViews.swift in Sources */,
				B15C63BD2B54E6DC00EDFB31 /* PaletteStore.swift in Sources */,
				B1DB52222B50C36200B3B352 /* EmojiArtDocumentView.swift in Sources */,
				B1DB52202B50C36200B3B352 /* EmojiArtApp.swift in Sources */,
				B1DB52372B50CDE800B3B352 /* UtilityExtensions.swift in Sources */,
				B1DB52332B50C90E00B3B352 /* EmojiArtDocument.swift in Sources */,
				B1DB522F2B50C3F400B3B352 /* EmojiArtModel.swift in Sources */,
				B1DB52312B50C6D800B3B352 /* EmojiArtModel.Background.swift in Sources */,
			);
			runOnlyForDeploymentPostprocessing = 0;
		};
/* End PBXSourcesBuildPhase section */

/* Begin XCBuildConfiguration section */
		B1DB52292B50C36400B3B352 /* Debug */ = {
			isa = XCBuildConfiguration;
			buildSettings = {
				ALWAYS_SEARCH_USER_PATHS = NO;
				CLANG_ANALYZER_NONNULL = YES;
				CLANG_ANALYZER_NUMBER_OBJECT_CONVERSION = YES_AGGRESSIVE;
				CLANG_CXX_LANGUAGE_STANDARD = "gnu++14";
				CLANG_CXX_LIBRARY = "libc++";
				CLANG_ENABLE_MODULES = YES;
				CLANG_ENABLE_OBJC_ARC = YES;
				CLANG_ENABLE_OBJC_WEAK = YES;
				CLANG_WARN_BLOCK_CAPTURE_AUTORELEASING = YES;
				CLANG_WARN_BOOL_CONVERSION = YES;
				CLANG_WARN_COMMA = YES;
				CLANG_WARN_CONSTANT_CONVERSION = YES;
				CLANG_WARN_DEPRECATED_OBJC_IMPLEMENTATIONS = YES;
				CLANG_WARN_DIRECT_OBJC_ISA_USAGE = YES_ERROR;
				CLANG_WARN_DOCUMENTATION_COMMENTS = YES;
				CLANG_WARN_EMPTY_BODY = YES;
				CLANG_WARN_ENUM_CONVERSION = YES;
				CLANG_WARN_INFINITE_RECURSION = YES;
				CLANG_WARN_INT_CONVERSION = YES;
				CLANG_WARN_NON_LITERAL_NULL_CONVERSION = YES;
				CLANG_WARN_OBJC_IMPLICIT_RETAIN_SELF = YES;
				CLANG_WARN_OBJC_LITERAL_CONVERSION = YES;
				CLANG_WARN_OBJC_ROOT_CLASS = YES_ERROR;
				CLANG_WARN_QUOTED_INCLUDE_IN_FRAMEWORK_HEADER = YES;
				CLANG_WARN_RANGE_LOOP_ANALYSIS = YES;
				CLANG_WARN_STRICT_PROTOTYPES = YES;
				CLANG_WARN_SUSPICIOUS_MOVE = YES;
				CLANG_WARN_UNGUARDED_AVAILABILITY = YES_AGGRESSIVE;
				CLANG_WARN_UNREACHABLE_CODE = YES;
				CLANG_WARN__DUPLICATE_METHOD_MATCH = YES;
				COPY_PHASE_STRIP = NO;
				DEBUG_INFORMATION_FORMAT = dwarf;
				ENABLE_STRICT_OBJC_MSGSEND = YES;
				ENABLE_TESTABILITY = YES;
				GCC_C_LANGUAGE_STANDARD = gnu11;
				GCC_DYNAMIC_NO_PIC = NO;
				GCC_NO_COMMON_BLOCKS = YES;
				GCC_OPTIMIZATION_LEVEL = 0;
				GCC_PREPROCESSOR_DEFINITIONS = (
					"DEBUG=1",
					"$(inherited)",
				);
				GCC_WARN_64_TO_32_BIT_CONVERSION = YES;
				GCC_WARN_ABOUT_RETURN_TYPE = YES_ERROR;
				GCC_WARN_UNDECLARED_SELECTOR = YES;
				GCC_WARN_UNINITIALIZED_AUTOS = YES_AGGRESSIVE;
				GCC_WARN_UNUSED_FUNCTION = YES;
				GCC_WARN_UNUSED_VARIABLE = YES;
				IPHONEOS_DEPLOYMENT_TARGET = 14.5;
				MTL_ENABLE_DEBUG_INFO = INCLUDE_SOURCE;
				MTL_FAST_MATH = YES;
				ONLY_ACTIVE_ARCH = YES;
				SDKROOT = iphoneos;
				SWIFT_ACTIVE_COMPILATION_CONDITIONS = DEBUG;
				SWIFT_OPTIMIZATION_LEVEL = "-Onone";
			};
			name = Debug;
		};
		B1DB522A2B50C36400B3B352 /* Release */ = {
			isa = XCBuildConfiguration;
			buildSettings = {
				ALWAYS_SEARCH_USER_PATHS = NO;
				CLANG_ANALYZER_NONNULL = YES;
				CLANG_ANALYZER_NUMBER_OBJECT_CONVERSION = YES_AGGRESSIVE;
				CLANG_CXX_LANGUAGE_STANDARD = "gnu++14";
				CLANG_CXX_LIBRARY = "libc++";
				CLANG_ENABLE_MODULES = YES;
				CLANG_ENABLE_OBJC_ARC = YES;
				CLANG_ENABLE_OBJC_WEAK = YES;
				CLANG_WARN_BLOCK_CAPTURE_AUTORELEASING = YES;
				CLANG_WARN_BOOL_CONVERSION = YES;
				CLANG_WARN_COMMA = YES;
				CLANG_WARN_CONSTANT_CONVERSION = YES;
				CLANG_WARN_DEPRECATED_OBJC_IMPLEMENTATIONS = YES;
				CLANG_WARN_DIRECT_OBJC_ISA_USAGE = YES_ERROR;
				CLANG_WARN_DOCUMENTATION_COMMENTS = YES;
				CLANG_WARN_EMPTY_BODY = YES;
				CLANG_WARN_ENUM_CONVERSION = YES;
				CLANG_WARN_INFINITE_RECURSION = YES;
				CLANG_WARN_INT_CONVERSION = YES;
				CLANG_WARN_NON_LITERAL_NULL_CONVERSION = YES;
				CLANG_WARN_OBJC_IMPLICIT_RETAIN_SELF = YES;
				CLANG_WARN_OBJC_LITERAL_CONVERSION = YES;
				CLANG_WARN_OBJC_ROOT_CLASS = YES_ERROR;
				CLANG_WARN_QUOTED_INCLUDE_IN_FRAMEWORK_HEADER = YES;
				CLANG_WARN_RANGE_LOOP_ANALYSIS = YES;
				CLANG_WARN_STRICT_PROTOTYPES = YES;
				CLANG_WARN_SUSPICIOUS_MOVE = YES;
				CLANG_WARN_UNGUARDED_AVAILABILITY = YES_AGGRESSIVE;
				CLANG_WARN_UNREACHABLE_CODE = YES;
				CLANG_WARN__DUPLICATE_METHOD_MATCH = YES;
				COPY_PHASE_STRIP = NO;
				DEBUG_INFORMATION_FORMAT = "dwarf-with-dsym";
				ENABLE_NS_ASSERTIONS = NO;
				ENABLE_STRICT_OBJC_MSGSEND = YES;
				GCC_C_LANGUAGE_STANDARD = gnu11;
				GCC_NO_COMMON_BLOCKS = YES;
				GCC_WARN_64_TO_32_BIT_CONVERSION = YES;
				GCC_WARN_ABOUT_RETURN_TYPE = YES_ERROR;
				GCC_WARN_UNDECLARED_SELECTOR = YES;
				GCC_WARN_UNINITIALIZED_AUTOS = YES_AGGRESSIVE;
				GCC_WARN_UNUSED_FUNCTION = YES;
				GCC_WARN_UNUSED_VARIABLE = YES;
				IPHONEOS_DEPLOYMENT_TARGET = 14.5;
				MTL_ENABLE_DEBUG_INFO = NO;
				MTL_FAST_MATH = YES;
				SDKROOT = iphoneos;
				SWIFT_COMPILATION_MODE = wholemodule;
				SWIFT_OPTIMIZATION_LEVEL = "-O";
				VALIDATE_PRODUCT = YES;
			};
			name = Release;
		};
		B1DB522C2B50C36400B3B352 /* Debug */ = {
			isa = XCBuildConfiguration;
			buildSettings = {
				ASSETCATALOG_COMPILER_APPICON_NAME = AppIcon;
				ASSETCATALOG_COMPILER_GLOBAL_ACCENT_COLOR_NAME = AccentColor;
				CODE_SIGN_STYLE = Automatic;
				DEVELOPMENT_ASSET_PATHS = "\"EmojiArt/Preview Content\"";
				DEVELOPMENT_TEAM = 5C5M7GW2CM;
				ENABLE_PREVIEWS = YES;
				INFOPLIST_FILE = EmojiArt/Info.plist;
				IPHONEOS_DEPLOYMENT_TARGET = 14.0;
				LD_RUNPATH_SEARCH_PATHS = (
					"$(inherited)",
					"@executable_path/Frameworks",
				);
				PRODUCT_BUNDLE_IDENTIFIER = team.personal.garibaldi.nicollas.EmojiArt;
				PRODUCT_NAME = "$(TARGET_NAME)";
				SWIFT_VERSION = 5.0;
				TARGETED_DEVICE_FAMILY = "1,2";
			};
			name = Debug;
		};
		B1DB522D2B50C36400B3B352 /* Release */ = {
			isa = XCBuildConfiguration;
			buildSettings = {
				ASSETCATALOG_COMPILER_APPICON_NAME = AppIcon;
				ASSETCATALOG_COMPILER_GLOBAL_ACCENT_COLOR_NAME = AccentColor;
				CODE_SIGN_STYLE = Automatic;
				DEVELOPMENT_ASSET_PATHS = "\"EmojiArt/Preview Content\"";
				DEVELOPMENT_TEAM = 5C5M7GW2CM;
				ENABLE_PREVIEWS = YES;
				INFOPLIST_FILE = EmojiArt/Info.plist;
				IPHONEOS_DEPLOYMENT_TARGET = 14.0;
				LD_RUNPATH_SEARCH_PATHS = (
					"$(inherited)",
					"@executable_path/Frameworks",
				);
				PRODUCT_BUNDLE_IDENTIFIER = team.personal.garibaldi.nicollas.EmojiArt;
				PRODUCT_NAME = "$(TARGET_NAME)";
				SWIFT_VERSION = 5.0;
				TARGETED_DEVICE_FAMILY = "1,2";
			};
			name = Release;
		};
/* End XCBuildConfiguration section */

/* Begin XCConfigurationList section */
		B1DB52172B50C36200B3B352 /* Build configuration list for PBXProject "EmojiArt" */ = {
			isa = XCConfigurationList;
			buildConfigurations = (
				B1DB52292B50C36400B3B352 /* Debug */,
				B1DB522A2B50C36400B3B352 /* Release */,
			);
			defaultConfigurationIsVisible = 0;
			defaultConfigurationName = Release;
		};
		B1DB522B2B50C36400B3B352 /* Build configuration list for PBXNativeTarget "EmojiArt" */ = {
			isa = XCConfigurationList;
			buildConfigurations = (
				B1DB522C2B50C36400B3B352 /* Debug */,
				B1DB522D2B50C36400B3B352 /* Release */,
			);
			defaultConfigurationIsVisible = 0;
			defaultConfigurationName = Release;
		};
/* End XCConfigurationList section */
	};
	rootObject = B1DB52142B50C36200B3B352 /* Project object */;
}
